
Microsoft Visual Studio Solution File, Format Version 12.00
# Visual Studio 14
VisualStudioVersion = 14.0.25123.0
MinimumVisualStudioVersion = 10.0.40219.1
Project("{FAE04EC0-301F-11D3-BF4B-00C04F79EFBC}") = "HTML_Code.html", "HTML_Code.html\HTML_Code.html.csproj", "{DFEFD9DA-5C8D-4E24-B12E-3E0575E841C6}"
EndProject
Global
	GlobalSection(SolutionConfigurationPlatforms) = preSolution
		Debug|Any CPU = Debug|Any CPU
		Release|Any CPU = Release|Any CPU
	EndGlobalSection
	GlobalSection(ProjectConfigurationPlatforms) = postSolution
		{DFEFD9DA-5C8D-4E24-B12E-3E0575E841C6}.Debug|Any CPU.ActiveCfg = Debug|Any CPU
		{DFEFD9DA-5C8D-4E24-B12E-3E0575E841C6}.Debug|Any CPU.Build.0 = Debug|Any CPU
		{DFEFD9DA-5C8D-4E24-B12E-3E0575E841C6}.Release|Any CPU.ActiveCfg = Release|Any CPU
		{DFEFD9DA-5C8D-4E24-B12E-3E0575E841C6}.Release|Any CPU.Build.0 = Release|Any CPU
	EndGlobalSection
	GlobalSection(SolutionProperties) = preSolution
		HideSolutionNode = FALSE
	EndGlobalSection
EndGlobal
